
Microsoft Visual Studio Solution File, Format Version 12.00
# Visual Studio Version 17
VisualStudioVersion = 17.4.33213.308
MinimumVisualStudioVersion = 10.0.40219.1
Project("{FAE04EC0-301F-11D3-BF4B-00C04F79EFBC}") = "FutbolOyunu", "FutbolOyunu\FutbolOyunu.csproj", "{7EE37F05-E546-49C3-988F-F5B744CB8FFE}"
EndProject
Global
	GlobalSection(SolutionConfigurationPlatforms) = preSolution
		Debug|Any CPU = Debug|Any CPU
		Release|Any CPU = Release|Any CPU
	EndGlobalSection
	GlobalSection(ProjectConfigurationPlatforms) = postSolution
		{7EE37F05-E546-49C3-988F-F5B744CB8FFE}.Debug|Any CPU.ActiveCfg = Debug|Any CPU
		{7EE37F05-E546-49C3-988F-F5B744CB8FFE}.Debug|Any CPU.Build.0 = Debug|Any CPU
		{7EE37F05-E546-49C3-988F-F5B744CB8FFE}.Release|Any CPU.ActiveCfg = Release|Any CPU
		{7EE37F05-E546-49C3-988F-F5B744CB8FFE}.Release|Any CPU.Build.0 = Release|Any CPU
	EndGlobalSection
	GlobalSection(SolutionProperties) = preSolution
		HideSolutionNode = FALSE
	EndGlobalSection
	GlobalSection(ExtensibilityGlobals) = postSolution
		SolutionGuid = {2F5CE7B2-1795-4351-9D61-17490DE6DD70}
	EndGlobalSection
EndGlobal
